// !$*UTF8*$!
{
	archiveVersion = 1;
	classes = {
	};
	objectVersion = 50;
	objects = {

/* Begin PBXBuildFile section */
		4513D3C121D530300070A7A5 /* EonilFSEventStreamError.swift in Sources */ = {isa = PBXBuildFile; fileRef = 4513D3B921D530300070A7A5 /* EonilFSEventStreamError.swift */; };
		4513D3C221D530300070A7A5 /* EonilFSEventStreamEventFlags.swift in Sources */ = {isa = PBXBuildFile; fileRef = 4513D3BA21D530300070A7A5 /* EonilFSEventStreamEventFlags.swift */; };
		4513D3C321D530300070A7A5 /* EonilFSEvents.swift in Sources */ = {isa = PBXBuildFile; fileRef = 4513D3BB21D530300070A7A5 /* EonilFSEvents.swift */; };
		4513D3C421D530300070A7A5 /* EonilFSEventStreamIllogicalErrorLog.swift in Sources */ = {isa = PBXBuildFile; fileRef = 4513D3BC21D530300070A7A5 /* EonilFSEventStreamIllogicalErrorLog.swift */; };
		4513D3C521D530300070A7A5 /* EonilFSEventStreamEvent.swift in Sources */ = {isa = PBXBuildFile; fileRef = 4513D3BD21D530300070A7A5 /* EonilFSEventStreamEvent.swift */; };
		4513D3C621D530300070A7A5 /* EonilFSEventStream.swift in Sources */ = {isa = PBXBuildFile; fileRef = 4513D3BE21D530300070A7A5 /* EonilFSEventStream.swift */; };
		4513D3C721D530300070A7A5 /* EonilFSEventStreamCreateFlags.swift in Sources */ = {isa = PBXBuildFile; fileRef = 4513D3BF21D530300070A7A5 /* EonilFSEventStreamCreateFlags.swift */; };
		4513D3C821D530300070A7A5 /* EonilFSEventStreamEventID.swift in Sources */ = {isa = PBXBuildFile; fileRef = 4513D3C021D530300070A7A5 /* EonilFSEventStreamEventID.swift */; };
/* End PBXBuildFile section */

/* Begin PBXFileReference section */
		4513D3AD21D52FC50070A7A5 /* libEonilFSEvents.a */ = {isa = PBXFileReference; explicitFileType = archive.ar; includeInIndex = 0; path = libEonilFSEvents.a; sourceTree = BUILT_PRODUCTS_DIR; };
		4513D3B921D530300070A7A5 /* EonilFSEventStreamError.swift */ = {isa = PBXFileReference; fileEncoding = 4; lastKnownFileType = sourcecode.swift; path = EonilFSEventStreamError.swift; sourceTree = "<group>"; };
		4513D3BA21D530300070A7A5 /* EonilFSEventStreamEventFlags.swift */ = {isa = PBXFileReference; fileEncoding = 4; lastKnownFileType = sourcecode.swift; path = EonilFSEventStreamEventFlags.swift; sourceTree = "<group>"; };
		4513D3BB21D530300070A7A5 /* EonilFSEvents.swift */ = {isa = PBXFileReference; fileEncoding = 4; lastKnownFileType = sourcecode.swift; path = EonilFSEvents.swift; sourceTree = "<group>"; };
		4513D3BC21D530300070A7A5 /* EonilFSEventStreamIllogicalErrorLog.swift */ = {isa = PBXFileReference; fileEncoding = 4; lastKnownFileType = sourcecode.swift; path = EonilFSEventStreamIllogicalErrorLog.swift; sourceTree = "<group>"; };
		4513D3BD21D530300070A7A5 /* EonilFSEventStreamEvent.swift */ = {isa = PBXFileReference; fileEncoding = 4; lastKnownFileType = sourcecode.swift; path = EonilFSEventStreamEvent.swift; sourceTree = "<group>"; };
		4513D3BE21D530300070A7A5 /* EonilFSEventStream.swift */ = {isa = PBXFileReference; fileEncoding = 4; lastKnownFileType = sourcecode.swift; path = EonilFSEventStream.swift; sourceTree = "<group>"; };
		4513D3BF21D530300070A7A5 /* EonilFSEventStreamCreateFlags.swift */ = {isa = PBXFileReference; fileEncoding = 4; lastKnownFileType = sourcecode.swift; path = EonilFSEventStreamCreateFlags.swift; sourceTree = "<group>"; };
		4513D3C021D530300070A7A5 /* EonilFSEventStreamEventID.swift */ = {isa = PBXFileReference; fileEncoding = 4; lastKnownFileType = sourcecode.swift; path = EonilFSEventStreamEventID.swift; sourceTree = "<group>"; };
		4513D3C921D531DD0070A7A5 /* LICENSE.md */ = {isa = PBXFileReference; lastKnownFileType = net.daringfireball.markdown; path = LICENSE.md; sourceTree = "<group>"; };
		4513D3CA21D531DD0070A7A5 /* README.md */ = {isa = PBXFileReference; lastKnownFileType = net.daringfireball.markdown; path = README.md; sourceTree = "<group>"; };
/* End PBXFileReference section */

/* Begin PBXFrameworksBuildPhase section */
		4513D3AB21D52FC50070A7A5 /* Frameworks */ = {
			isa = PBXFrameworksBuildPhase;
			buildActionMask = 2147483647;
			files = (
			);
			runOnlyForDeploymentPostprocessing = 0;
		};
/* End PBXFrameworksBuildPhase section */

/* Begin PBXGroup section */
		4513D3A421D52FC50070A7A5 = {
			isa = PBXGroup;
			children = (
				4513D3C921D531DD0070A7A5 /* LICENSE.md */,
				4513D3CA21D531DD0070A7A5 /* README.md */,
				4513D3AF21D52FC50070A7A5 /* Sources */,
				4513D3AE21D52FC50070A7A5 /* Products */,
			);
			sourceTree = "<group>";
		};
		4513D3AE21D52FC50070A7A5 /* Products */ = {
			isa = PBXGroup;
			children = (
				4513D3AD21D52FC50070A7A5 /* libEonilFSEvents.a */,
			);
			name = Products;
			sourceTree = "<group>";
		};
		4513D3AF21D52FC50070A7A5 /* Sources */ = {
			isa = PBXGroup;
			children = (
				4513D3BB21D530300070A7A5 /* EonilFSEvents.swift */,
				4513D3BE21D530300070A7A5 /* EonilFSEventStream.swift */,
				4513D3BF21D530300070A7A5 /* EonilFSEventStreamCreateFlags.swift */,
				4513D3B921D530300070A7A5 /* EonilFSEventStreamError.swift */,
				4513D3BD21D530300070A7A5 /* EonilFSEventStreamEvent.swift */,
				4513D3BA21D530300070A7A5 /* EonilFSEventStreamEventFlags.swift */,
				4513D3C021D530300070A7A5 /* EonilFSEventStreamEventID.swift */,
				4513D3BC21D530300070A7A5 /* EonilFSEventStreamIllogicalErrorLog.swift */,
			);
			path = Sources;
			sourceTree = "<group>";
		};
/* End PBXGroup section */

/* Begin PBXHeadersBuildPhase section */
		4513D3A921D52FC50070A7A5 /* Headers */ = {
			isa = PBXHeadersBuildPhase;
			buildActionMask = 2147483647;
			files = (
			);
			runOnlyForDeploymentPostprocessing = 0;
		};
/* End PBXHeadersBuildPhase section */

/* Begin PBXNativeTarget section */
		4513D3AC21D52FC50070A7A5 /* EonilFSEvents */ = {
			isa = PBXNativeTarget;
			buildConfigurationList = 4513D3B621D52FC50070A7A5 /* Build configuration list for PBXNativeTarget "EonilFSEvents" */;
			buildPhases = (
				4513D3A921D52FC50070A7A5 /* Headers */,
				4513D3AA21D52FC50070A7A5 /* Sources */,
				4513D3AB21D52FC50070A7A5 /* Frameworks */,
			);
			buildRules = (
			);
			dependencies = (
			);
			name = EonilFSEvents;
			productName = FileSystemWatcher;
			productReference = 4513D3AD21D52FC50070A7A5 /* libEonilFSEvents.a */;
			productType = "com.apple.product-type.library.static";
		};
/* End PBXNativeTarget section */

/* Begin PBXProject section */
		4513D3A521D52FC50070A7A5 /* Project object */ = {
			isa = PBXProject;
			attributes = {
				LastUpgradeCheck = 1010;
				ORGANIZATIONNAME = Eonil;
				TargetAttributes = {
					4513D3AC21D52FC50070A7A5 = {
						CreatedOnToolsVersion = 10.1;
						LastSwiftMigration = 1010;
					};
				};
			};
			buildConfigurationList = 4513D3A821D52FC50070A7A5 /* Build configuration list for PBXProject "EonilFSEvents" */;
			compatibilityVersion = "Xcode 9.3";
			developmentRegion = en;
			hasScannedForEncodings = 0;
			knownRegions = (
				en,
			);
			mainGroup = 4513D3A421D52FC50070A7A5;
			productRefGroup = 4513D3AE21D52FC50070A7A5 /* Products */;
			projectDirPath = "";
			projectRoot = "";
			targets = (
				4513D3AC21D52FC50070A7A5 /* EonilFSEvents */,
			);
		};
/* End PBXProject section */

/* Begin PBXSourcesBuildPhase section */
		4513D3AA21D52FC50070A7A5 /* Sources */ = {
			isa = PBXSourcesBuildPhase;
			buildActionMask = 2147483647;
			files = (
				4513D3C421D530300070A7A5 /* EonilFSEventStreamIllogicalErrorLog.swift in Sources */,
				4513D3C621D530300070A7A5 /* EonilFSEventStream.swift in Sources */,
				4513D3C221D530300070A7A5 /* EonilFSEventStreamEventFlags.swift in Sources */,
				4513D3C521D530300070A7A5 /* EonilFSEventStreamEvent.swift in Sources */,
				4513D3C121D530300070A7A5 /* EonilFSEventStreamError.swift in Sources */,
				4513D3C821D530300070A7A5 /* EonilFSEventStreamEventID.swift in Sources */,
				4513D3C721D530300070A7A5 /* EonilFSEventStreamCreateFlags.swift in Sources */,
				4513D3C321D530300070A7A5 /* EonilFSEvents.swift in Sources */,
			);
			runOnlyForDeploymentPostprocessing = 0;
		};
/* End PBXSourcesBuildPhase section */

/* Begin XCBuildConfiguration section */
		4513D3B421D52FC50070A7A5 /* Debug */ = {
			isa = XCBuildConfiguration;
			buildSettings = {
				ALWAYS_SEARCH_USER_PATHS = NO;
				CLANG_ANALYZER_NONNULL = YES;
				CLANG_ANALYZER_NUMBER_OBJECT_CONVERSION = YES_AGGRESSIVE;
				CLANG_CXX_LANGUAGE_STANDARD = "gnu++14";
				CLANG_CXX_LIBRARY = "libc++";
				CLANG_ENABLE_MODULES = YES;
				CLANG_ENABLE_OBJC_ARC = YES;
				CLANG_ENABLE_OBJC_WEAK = YES;
				CLANG_WARN_BLOCK_CAPTURE_AUTORELEASING = YES;
				CLANG_WARN_BOOL_CONVERSION = YES;
				CLANG_WARN_COMMA = YES;
				CLANG_WARN_CONSTANT_CONVERSION = YES;
				CLANG_WARN_DEPRECATED_OBJC_IMPLEMENTATIONS = YES;
				CLANG_WARN_DIRECT_OBJC_ISA_USAGE = YES_ERROR;
				CLANG_WARN_DOCUMENTATION_COMMENTS = YES;
				CLANG_WARN_EMPTY_BODY = YES;
				CLANG_WARN_ENUM_CONVERSION = YES;
				CLANG_WARN_INFINITE_RECURSION = YES;
				CLANG_WARN_INT_CONVERSION = YES;
				CLANG_WARN_NON_LITERAL_NULL_CONVERSION = YES;
				CLANG_WARN_OBJC_IMPLICIT_RETAIN_SELF = YES;
				CLANG_WARN_OBJC_LITERAL_CONVERSION = YES;
				CLANG_WARN_OBJC_ROOT_CLASS = YES_ERROR;
				CLANG_WARN_RANGE_LOOP_ANALYSIS = YES;
				CLANG_WARN_STRICT_PROTOTYPES = YES;
				CLANG_WARN_SUSPICIOUS_MOVE = YES;
				CLANG_WARN_UNGUARDED_AVAILABILITY = YES_AGGRESSIVE;
				CLANG_WARN_UNREACHABLE_CODE = YES;
				CLANG_WARN__DUPLICATE_METHOD_MATCH = YES;
				CODE_SIGN_IDENTITY = "-";
				COPY_PHASE_STRIP = NO;
				DEBUG_INFORMATION_FORMAT = dwarf;
				ENABLE_STRICT_OBJC_MSGSEND = YES;
				ENABLE_TESTABILITY = YES;
				GCC_C_LANGUAGE_STANDARD = gnu11;
				GCC_DYNAMIC_NO_PIC = NO;
				GCC_NO_COMMON_BLOCKS = YES;
				GCC_OPTIMIZATION_LEVEL = 0;
				GCC_PREPROCESSOR_DEFINITIONS = (
					"DEBUG=1",
					"$(inherited)",
				);
				GCC_WARN_64_TO_32_BIT_CONVERSION = YES;
				GCC_WARN_ABOUT_RETURN_TYPE = YES_ERROR;
				GCC_WARN_UNDECLARED_SELECTOR = YES;
				GCC_WARN_UNINITIALIZED_AUTOS = YES_AGGRESSIVE;
				GCC_WARN_UNUSED_FUNCTION = YES;
				GCC_WARN_UNUSED_VARIABLE = YES;
				MACOSX_DEPLOYMENT_TARGET = 10.10;
				MTL_ENABLE_DEBUG_INFO = INCLUDE_SOURCE;
				MTL_FAST_MATH = YES;
				ONLY_ACTIVE_ARCH = YES;
				SDKROOT = macosx;
			};
			name = Debug;
		};
		4513D3B521D52FC50070A7A5 /* Release */ = {
			isa = XCBuildConfiguration;
			buildSettings = {
				ALWAYS_SEARCH_USER_PATHS = NO;
				CLANG_ANALYZER_NONNULL = YES;
				CLANG_ANALYZER_NUMBER_OBJECT_CONVERSION = YES_AGGRESSIVE;
				CLANG_CXX_LANGUAGE_STANDARD = "gnu++14";
				CLANG_CXX_LIBRARY = "libc++";
				CLANG_ENABLE_MODULES = YES;
				CLANG_ENABLE_OBJC_ARC = YES;
				CLANG_ENABLE_OBJC_WEAK = YES;
				CLANG_WARN_BLOCK_CAPTURE_AUTORELEASING = YES;
				CLANG_WARN_BOOL_CONVERSION = YES;
				CLANG_WARN_COMMA = YES;
				CLANG_WARN_CONSTANT_CONVERSION = YES;
				CLANG_WARN_DEPRECATED_OBJC_IMPLEMENTATIONS = YES;
				CLANG_WARN_DIRECT_OBJC_ISA_USAGE = YES_ERROR;
				CLANG_WARN_DOCUMENTATION_COMMENTS = YES;
				CLANG_WARN_EMPTY_BODY = YES;
				CLANG_WARN_ENUM_CONVERSION = YES;
				CLANG_WARN_INFINITE_RECURSION = YES;
				CLANG_WARN_INT_CONVERSION = YES;
				CLANG_WARN_NON_LITERAL_NULL_CONVERSION = YES;
				CLANG_WARN_OBJC_IMPLICIT_RETAIN_SELF = YES;
				CLANG_WARN_OBJC_LITERAL_CONVERSION = YES;
				CLANG_WARN_OBJC_ROOT_CLASS = YES_ERROR;
				CLANG_WARN_RANGE_LOOP_ANALYSIS = YES;
				CLANG_WARN_STRICT_PROTOTYPES = YES;
				CLANG_WARN_SUSPICIOUS_MOVE = YES;
				CLANG_WARN_UNGUARDED_AVAILABILITY = YES_AGGRESSIVE;
				CLANG_WARN_UNREACHABLE_CODE = YES;
				CLANG_WARN__DUPLICATE_METHOD_MATCH = YES;
				CODE_SIGN_IDENTITY = "-";
				COPY_PHASE_STRIP = NO;
				DEBUG_INFORMATION_FORMAT = "dwarf-with-dsym";
				ENABLE_NS_ASSERTIONS = NO;
				ENABLE_STRICT_OBJC_MSGSEND = YES;
				GCC_C_LANGUAGE_STANDARD = gnu11;
				GCC_NO_COMMON_BLOCKS = YES;
				GCC_WARN_64_TO_32_BIT_CONVERSION = YES;
				GCC_WARN_ABOUT_RETURN_TYPE = YES_ERROR;
				GCC_WARN_UNDECLARED_SELECTOR = YES;
				GCC_WARN_UNINITIALIZED_AUTOS = YES_AGGRESSIVE;
				GCC_WARN_UNUSED_FUNCTION = YES;
				GCC_WARN_UNUSED_VARIABLE = YES;
				MACOSX_DEPLOYMENT_TARGET = 10.10;
				MTL_ENABLE_DEBUG_INFO = NO;
				MTL_FAST_MATH = YES;
				SDKROOT = macosx;
			};
			name = Release;
		};
		4513D3B721D52FC50070A7A5 /* Debug */ = {
			isa = XCBuildConfiguration;
			buildSettings = {
				CLANG_ENABLE_MODULES = YES;
				CODE_SIGN_STYLE = Automatic;
				EXECUTABLE_PREFIX = lib;
				LD_RUNPATH_SEARCH_PATHS = (
					"$(inherited)",
					"@executable_path/../Frameworks",
					"@loader_path/../Frameworks",
				);
				PRODUCT_NAME = "$(TARGET_NAME)";
				SKIP_INSTALL = YES;
				SWIFT_OPTIMIZATION_LEVEL = "-Onone";
				SWIFT_VERSION = 4.2;
			};
			name = Debug;
		};
		4513D3B821D52FC50070A7A5 /* Release */ = {
			isa = XCBuildConfiguration;
			buildSettings = {
				CLANG_ENABLE_MODULES = YES;
				CODE_SIGN_STYLE = Automatic;
				EXECUTABLE_PREFIX = lib;
				LD_RUNPATH_SEARCH_PATHS = (
					"$(inherited)",
					"@executable_path/../Frameworks",
					"@loader_path/../Frameworks",
				);
				PRODUCT_NAME = "$(TARGET_NAME)";
				SKIP_INSTALL = YES;
				SWIFT_VERSION = 4.2;
			};
			name = Release;
		};
/* End XCBuildConfiguration section */

/* Begin XCConfigurationList section */
		4513D3A821D52FC50070A7A5 /* Build configuration list for PBXProject "EonilFSEvents" */ = {
			isa = XCConfigurationList;
			buildConfigurations = (
				4513D3B421D52FC50070A7A5 /* Debug */,
				4513D3B521D52FC50070A7A5 /* Release */,
			);
			defaultConfigurationIsVisible = 0;
			defaultConfigurationName = Release;
		};
		4513D3B621D52FC50070A7A5 /* Build configuration list for PBXNativeTarget "EonilFSEvents" */ = {
			isa = XCConfigurationList;
			buildConfigurations = (
				4513D3B721D52FC50070A7A5 /* Debug */,
				4513D3B821D52FC50070A7A5 /* Release */,
			);
			defaultConfigurationIsVisible = 0;
			defaultConfigurationName = Release;
		};
/* End XCConfigurationList section */
	};
	rootObject = 4513D3A521D52FC50070A7A5 /* Project object */;
}
