{
  "object": {
    "pins": [
      {
        "package": "EonilFSEvents",
        "repositoryURL": "git@github.com:eonil/FSEvents.git",
        "state": {
          "branch": null,
          "revision": "e6b7cdfa2754454e194a45ee6c2004d0f630fe88",
          "version": "0.1.7"
        }
      }
    ]
  },
  "version": 1
}
